
Microsoft Visual Studio Solution File, Format Version 12.00
# Visual Studio Version 16
VisualStudioVersion = 16.0.31005.135
MinimumVisualStudioVersion = 10.0.40219.1
Project("{FAE04EC0-301F-11D3-BF4B-00C04F79EFBC}") = "CarRental_Director", "CarRental_Director\CarRental_Director.csproj", "{FDB5D2CE-BACD-48D7-A806-435C4EF78EA8}"
EndProject
Project("{9A19103F-16F7-4668-BE54-9A1E7A4F7556}") = "UnitTestCarRental", "UnitTestCarRental\UnitTestCarRental.csproj", "{035DDA58-62E4-4DB1-A0D2-C2039BD3ED34}"
EndProject
Project("{FAE04EC0-301F-11D3-BF4B-00C04F79EFBC}") = "DataGenerator", "DataGenerator\DataGenerator.csproj", "{DFF9090D-969E-4C58-97F6-C895F3541542}"
EndProject
Global
	GlobalSection(SolutionConfigurationPlatforms) = preSolution
		Debug|Any CPU = Debug|Any CPU
		Release|Any CPU = Release|Any CPU
	EndGlobalSection
	GlobalSection(ProjectConfigurationPlatforms) = postSolution
		{FDB5D2CE-BACD-48D7-A806-435C4EF78EA8}.Debug|Any CPU.ActiveCfg = Debug|Any CPU
		{FDB5D2CE-BACD-48D7-A806-435C4EF78EA8}.Debug|Any CPU.Build.0 = Debug|Any CPU
		{FDB5D2CE-BACD-48D7-A806-435C4EF78EA8}.Release|Any CPU.ActiveCfg = Release|Any CPU
		{FDB5D2CE-BACD-48D7-A806-435C4EF78EA8}.Release|Any CPU.Build.0 = Release|Any CPU
		{035DDA58-62E4-4DB1-A0D2-C2039BD3ED34}.Debug|Any CPU.ActiveCfg = Debug|Any CPU
		{035DDA58-62E4-4DB1-A0D2-C2039BD3ED34}.Debug|Any CPU.Build.0 = Debug|Any CPU
		{035DDA58-62E4-4DB1-A0D2-C2039BD3ED34}.Release|Any CPU.ActiveCfg = Release|Any CPU
		{035DDA58-62E4-4DB1-A0D2-C2039BD3ED34}.Release|Any CPU.Build.0 = Release|Any CPU
		{DFF9090D-969E-4C58-97F6-C895F3541542}.Debug|Any CPU.ActiveCfg = Debug|Any CPU
		{DFF9090D-969E-4C58-97F6-C895F3541542}.Debug|Any CPU.Build.0 = Debug|Any CPU
		{DFF9090D-969E-4C58-97F6-C895F3541542}.Release|Any CPU.ActiveCfg = Release|Any CPU
		{DFF9090D-969E-4C58-97F6-C895F3541542}.Release|Any CPU.Build.0 = Release|Any CPU
	EndGlobalSection
	GlobalSection(SolutionProperties) = preSolution
		HideSolutionNode = FALSE
	EndGlobalSection
	GlobalSection(ExtensibilityGlobals) = postSolution
		SolutionGuid = {BDD49613-91C1-4D2D-A2DB-2B8D163DB37A}
	EndGlobalSection
EndGlobal
